
Microsoft Visual Studio Solution File, Format Version 12.00
# Visual Studio Version 17
VisualStudioVersion = 17.3.32929.385
MinimumVisualStudioVersion = 10.0.40219.1
Project("{9A19103F-16F7-4668-BE54-9A1E7A4F7556}") = "CNCMonitorDailyReport", "CNCMonitorDailyReport\CNCMonitorDailyReport.csproj", "{0D8811B0-86AB-4993-A2C4-84A4656391C4}"
EndProject
Project("{2150E333-8FDC-42A3-9474-1A3956D46DE8}") = "Domain", "Domain", "{0352139B-36E0-4E24-8D76-2F2D8FBA8900}"
EndProject
Project("{9A19103F-16F7-4668-BE54-9A1E7A4F7556}") = "Wada.CNCMonitor", "Wada.CNCMonitor\Wada.CNCMonitor.csproj", "{81E177FC-081B-4EF1-89BD-470412FAF327}"
EndProject
Project("{2150E333-8FDC-42A3-9474-1A3956D46DE8}") = "Infrastructure", "Infrastructure", "{17DCF6BC-8210-4DCC-ABAF-BFCA879590A4}"
EndProject
Project("{9A19103F-16F7-4668-BE54-9A1E7A4F7556}") = "Wada.CNCMonitoredCSV", "Wada.CNCMonitoredCSV\Wada.CNCMonitoredCSV.csproj", "{6B87AD36-67AE-45F8-B103-B49897051592}"
EndProject
Project("{9A19103F-16F7-4668-BE54-9A1E7A4F7556}") = "Wada.CNCMonitoredCSVTests", "Wada.CNCMonitoredCSVTests\Wada.CNCMonitoredCSVTests.csproj", "{9E5783D0-C915-4D13-824B-9DD9CF5DA848}"
EndProject
Project("{2150E333-8FDC-42A3-9474-1A3956D46DE8}") = "Usecase", "Usecase", "{D5469488-7E48-454A-BD90-EEFE2461D87A}"
EndProject
Project("{9A19103F-16F7-4668-BE54-9A1E7A4F7556}") = "Wada.LoadCNCMonitorApplication", "Wada.LoadCNCMonitorApplication\Wada.LoadCNCMonitorApplication.csproj", "{D779DBD1-1F76-411B-B0DE-AB6FEFD0D8BD}"
EndProject
Project("{9A19103F-16F7-4668-BE54-9A1E7A4F7556}") = "Wada.LoadCNCMonitorApplicationTests", "Wada.LoadCNCMonitorApplicationTests\Wada.LoadCNCMonitorApplicationTests.csproj", "{A71E52E1-7042-4129-B35D-0F4EAB875C52}"
EndProject
Project("{2150E333-8FDC-42A3-9474-1A3956D46DE8}") = "AOP", "AOP", "{B33445B1-23B4-4485-985B-4AB74FC47399}"
EndProject
Project("{9A19103F-16F7-4668-BE54-9A1E7A4F7556}") = "Wada.AOP.Logging", "Wada.AOP.Logging\Wada.AOP.Logging.csproj", "{B49B9799-BCEE-4D2C-AF43-1302AEBEDDFD}"
EndProject
Global
	GlobalSection(SolutionConfigurationPlatforms) = preSolution
		Debug|Any CPU = Debug|Any CPU
		Release|Any CPU = Release|Any CPU
	EndGlobalSection
	GlobalSection(ProjectConfigurationPlatforms) = postSolution
		{0D8811B0-86AB-4993-A2C4-84A4656391C4}.Debug|Any CPU.ActiveCfg = Debug|Any CPU
		{0D8811B0-86AB-4993-A2C4-84A4656391C4}.Debug|Any CPU.Build.0 = Debug|Any CPU
		{0D8811B0-86AB-4993-A2C4-84A4656391C4}.Release|Any CPU.ActiveCfg = Release|Any CPU
		{0D8811B0-86AB-4993-A2C4-84A4656391C4}.Release|Any CPU.Build.0 = Release|Any CPU
		{81E177FC-081B-4EF1-89BD-470412FAF327}.Debug|Any CPU.ActiveCfg = Debug|Any CPU
		{81E177FC-081B-4EF1-89BD-470412FAF327}.Debug|Any CPU.Build.0 = Debug|Any CPU
		{81E177FC-081B-4EF1-89BD-470412FAF327}.Release|Any CPU.ActiveCfg = Release|Any CPU
		{81E177FC-081B-4EF1-89BD-470412FAF327}.Release|Any CPU.Build.0 = Release|Any CPU
		{6B87AD36-67AE-45F8-B103-B49897051592}.Debug|Any CPU.ActiveCfg = Debug|Any CPU
		{6B87AD36-67AE-45F8-B103-B49897051592}.Debug|Any CPU.Build.0 = Debug|Any CPU
		{6B87AD36-67AE-45F8-B103-B49897051592}.Release|Any CPU.ActiveCfg = Release|Any CPU
		{6B87AD36-67AE-45F8-B103-B49897051592}.Release|Any CPU.Build.0 = Release|Any CPU
		{9E5783D0-C915-4D13-824B-9DD9CF5DA848}.Debug|Any CPU.ActiveCfg = Debug|Any CPU
		{9E5783D0-C915-4D13-824B-9DD9CF5DA848}.Debug|Any CPU.Build.0 = Debug|Any CPU
		{9E5783D0-C915-4D13-824B-9DD9CF5DA848}.Release|Any CPU.ActiveCfg = Release|Any CPU
		{9E5783D0-C915-4D13-824B-9DD9CF5DA848}.Release|Any CPU.Build.0 = Release|Any CPU
		{D779DBD1-1F76-411B-B0DE-AB6FEFD0D8BD}.Debug|Any CPU.ActiveCfg = Debug|Any CPU
		{D779DBD1-1F76-411B-B0DE-AB6FEFD0D8BD}.Debug|Any CPU.Build.0 = Debug|Any CPU
		{D779DBD1-1F76-411B-B0DE-AB6FEFD0D8BD}.Release|Any CPU.ActiveCfg = Release|Any CPU
		{D779DBD1-1F76-411B-B0DE-AB6FEFD0D8BD}.Release|Any CPU.Build.0 = Release|Any CPU
		{A71E52E1-7042-4129-B35D-0F4EAB875C52}.Debug|Any CPU.ActiveCfg = Debug|Any CPU
		{A71E52E1-7042-4129-B35D-0F4EAB875C52}.Debug|Any CPU.Build.0 = Debug|Any CPU
		{A71E52E1-7042-4129-B35D-0F4EAB875C52}.Release|Any CPU.ActiveCfg = Release|Any CPU
		{A71E52E1-7042-4129-B35D-0F4EAB875C52}.Release|Any CPU.Build.0 = Release|Any CPU
		{B49B9799-BCEE-4D2C-AF43-1302AEBEDDFD}.Debug|Any CPU.ActiveCfg = Debug|Any CPU
		{B49B9799-BCEE-4D2C-AF43-1302AEBEDDFD}.Debug|Any CPU.Build.0 = Debug|Any CPU
		{B49B9799-BCEE-4D2C-AF43-1302AEBEDDFD}.Release|Any CPU.ActiveCfg = Release|Any CPU
		{B49B9799-BCEE-4D2C-AF43-1302AEBEDDFD}.Release|Any CPU.Build.0 = Release|Any CPU
	EndGlobalSection
	GlobalSection(SolutionProperties) = preSolution
		HideSolutionNode = FALSE
	EndGlobalSection
	GlobalSection(NestedProjects) = preSolution
		{81E177FC-081B-4EF1-89BD-470412FAF327} = {0352139B-36E0-4E24-8D76-2F2D8FBA8900}
		{6B87AD36-67AE-45F8-B103-B49897051592} = {17DCF6BC-8210-4DCC-ABAF-BFCA879590A4}
		{9E5783D0-C915-4D13-824B-9DD9CF5DA848} = {17DCF6BC-8210-4DCC-ABAF-BFCA879590A4}
		{D779DBD1-1F76-411B-B0DE-AB6FEFD0D8BD} = {D5469488-7E48-454A-BD90-EEFE2461D87A}
		{A71E52E1-7042-4129-B35D-0F4EAB875C52} = {D5469488-7E48-454A-BD90-EEFE2461D87A}
		{B49B9799-BCEE-4D2C-AF43-1302AEBEDDFD} = {B33445B1-23B4-4485-985B-4AB74FC47399}
	EndGlobalSection
	GlobalSection(ExtensibilityGlobals) = postSolution
		SolutionGuid = {E5BD5128-4113-40C9-8F59-3F69868FC14E}
	EndGlobalSection
EndGlobal
